household: dog-owner
built_at: '2026-09-25T09:20:07+02:00'
git_sha: 24d1904808d009b5fed8d68f948f4a80ef41611c
release:
  repo: sam-dumont/immich-memories-ci
  tag: public-e2e-dog-owner-20260925
images:
  server_image: ghcr.io/immich-app/immich-server:v3.2.2@sha256:79cc1623323d5894922686d8743b4780181428f98eecbfb58ce12c41ef02d1ea
  ml_image: ghcr.io/immich-app/immich-machine-learning:v3.2.2@sha256:60dfcf266a9ef3b7376f5678e8c980d4fb61db5fc48c078fe8a326ab1535d60d
  valkey_image: docker.io/valkey/valkey:9@sha256:70739f85ad2ee01a726a965584a0f94895f01b0c60b3cc8b0aeef11eaa6888cf
  postgres: ghcr.io/immich-app/postgres:14-vectorchord0.4.3-pgvectors0.2.0@sha256:bcf63357191b76a916ae5eb93464d65c07511da41e3bf7a8416db519b40b1c23
owner: Robin
home:
- 32.725
- -117.175
counts:
  assets: 3093
  people_clusters: 111
  named:
    Robin:
      person_id: f2226a43-0b54-4d5a-bdf2-4f6bd871cae6
      seeds_matched: 6/6
      assets: 235
    Kim:
      person_id: ca5364f4-7eea-43fa-889b-80f280fb820b
      seeds_matched: 6/6
      assets: 272
    Alex:
      person_id: 6e64f9d7-e504-4307-bb22-8fd9ce7931b5
      seeds_matched: 5/6
      assets: 76
    Jo:
      person_id: 5c4d14e4-26b9-4d60-be19-8c4562489911
      seeds_matched: 6/6
      assets: 73
    Lee:
      person_id: 9786ad67-0941-417c-b767-bdd69c17d83e
      seeds_matched: 6/6
      assets: 27
    Pat:
      person_id: ca48991f-4fc7-4298-83c9-cfd28a0a6463
      seeds_matched: 6/6
      assets: 21
timings_seconds:
  upload: 69
  ml: 1676
parts:
- name: db.sql.gz
  bytes: 35573530
  sha256: 15dbed0ec9d48ad4c3101abf3fcc71bdcf6b0bbff035616da58f15e2ac37b5ba
- name: library.tar.part-aa
  bytes: 1095177216
  sha256: 5f8ff00e8be162c36ad46b33047f0716cd474a39085f6c29885ad1845d603ecd
- name: people-graph.json
  bytes: 4750
  sha256: de195eb0a7aaeedc0e02730354f58e06ee94602631bf13ed58ae7dc3c7a5eb0e
- name: people.yaml
  bytes: 4150
  sha256: 6ebc01ab5b9be6a8ee7b214d8681ef5d674695734ac48508411093f7b8b8ffc9
total_bytes: 1130759646
